<?xml version="1.0" encoding="utf-8"?>
<Project ToolsVersion="4.0" xmlns="http://schemas.microsoft.com/developer/msbuild/2003">
  <ItemGroup>
    <Filter Include="ソース ファイル">
      <UniqueIdentifier>{4FC737F1-C7A5-4376-A066-2A32D752A2FF}</UniqueIdentifier>
      <Extensions>cpp;c;cc;cxx;def;odl;idl;hpj;bat;asm;asmx</Extensions>
    </Filter>
    <Filter Include="ヘッダー ファイル">
      <UniqueIdentifier>{93995380-89BD-4b04-88EB-625FBE52EBFB}</UniqueIdentifier>
      <Extensions>h;hh;hpp;hxx;hm;inl;inc;ipp;xsd</Extensions>
    </Filter>
    <Filter Include="リソース ファイル">
      <UniqueIdentifier>{67DA6AB6-F800-4c08-8B7A-83BB121AAD01}</UniqueIdentifier>
      <Extensions>rc;ico;cur;bmp;dlg;rc2;rct;bin;rgs;gif;jpg;jpeg;jpe;resx;tiff;tif;png;wav;mfcribbon-ms</Extensions>
    </Filter>
    <Filter Include="ソース ファイル\tp_make_wasm">
      <UniqueIdentifier>{24edc3d6-0b37-4fc8-aedb-7a9c5b8ece11}</UniqueIdentifier>
    </Filter>
    <Filter Include="ソース ファイル\tp_make_x64_code">
      <UniqueIdentifier>{aa237329-5858-466b-a3c2-324429314bc2}</UniqueIdentifier>
    </Filter>
    <Filter Include="ソース ファイル\tp_make_pe_coff">
      <UniqueIdentifier>{2a345ab8-e523-4edf-8694-8bf88a8c4ef1}</UniqueIdentifier>
    </Filter>
    <Filter Include="ソース ファイル\tp_utils">
      <UniqueIdentifier>{ae542122-dc86-4d8c-be86-628321220163}</UniqueIdentifier>
    </Filter>
    <Filter Include="ソース ファイル\tp_compiler">
      <UniqueIdentifier>{0cb47a1c-22b8-49e5-9524-abb8c225c6a2}</UniqueIdentifier>
    </Filter>
  </ItemGroup>
  <ItemGroup>
    <ClCompile Include="PE_COFF.c">
      <Filter>ソース ファイル</Filter>
    </ClCompile>
    <ClCompile Include="tp_semantic_analysis.c">
      <Filter>ソース ファイル</Filter>
    </ClCompile>
    <ClCompile Include="tp_make_parse_tree.c">
      <Filter>ソース ファイル</Filter>
    </ClCompile>
    <ClCompile Include="tp_make_token.c">
      <Filter>ソース ファイル</Filter>
    </ClCompile>
    <ClCompile Include="tp_make_wasm\tp_make_wasm.c">
      <Filter>ソース ファイル\tp_make_wasm</Filter>
    </ClCompile>
    <ClCompile Include="tp_make_wasm\tp_make_wasm_body.c">
      <Filter>ソース ファイル\tp_make_wasm</Filter>
    </ClCompile>
    <ClCompile Include="tp_make_wasm\tp_make_wasm_body_expr.c">
      <Filter>ソース ファイル\tp_make_wasm</Filter>
    </ClCompile>
    <ClCompile Include="tp_make_wasm\tp_make_wasm_body_UEFI.c">
      <Filter>ソース ファイル\tp_make_wasm</Filter>
    </ClCompile>
    <ClCompile Include="tp_make_wasm\tp_make_wasm_body_UEFI32.c">
      <Filter>ソース ファイル\tp_make_wasm</Filter>
    </ClCompile>
    <ClCompile Include="tp_make_wasm\tp_make_wasm_body_UEFI64.c">
      <Filter>ソース ファイル\tp_make_wasm</Filter>
    </ClCompile>
    <ClCompile Include="tp_make_wasm\tp_make_wasm_disasm.c">
      <Filter>ソース ファイル\tp_make_wasm</Filter>
    </ClCompile>
    <ClCompile Include="tp_make_wasm\tp_make_wasm_opcode.c">
      <Filter>ソース ファイル\tp_make_wasm</Filter>
    </ClCompile>
    <ClCompile Include="tp_make_x64_code\tp_make_x64_code.c">
      <Filter>ソース ファイル\tp_make_x64_code</Filter>
    </ClCompile>
    <ClCompile Include="tp_make_x64_code\tp_make_x64_code_body.c">
      <Filter>ソース ファイル\tp_make_x64_code</Filter>
    </ClCompile>
    <ClCompile Include="tp_make_x64_code\tp_make_x64_code_opcode.c">
      <Filter>ソース ファイル\tp_make_x64_code</Filter>
    </ClCompile>
    <ClCompile Include="tp_make_x64_code\tp_make_x64_code_opcode_etc.c">
      <Filter>ソース ファイル\tp_make_x64_code</Filter>
    </ClCompile>
    <ClCompile Include="tp_make_pe_coff\tp_coff_section_table.c">
      <Filter>ソース ファイル\tp_make_pe_coff</Filter>
    </ClCompile>
    <ClCompile Include="tp_make_pe_coff\tp_coff_string_table.c">
      <Filter>ソース ファイル\tp_make_pe_coff</Filter>
    </ClCompile>
    <ClCompile Include="tp_make_pe_coff\tp_coff_symbol_table.c">
      <Filter>ソース ファイル\tp_make_pe_coff</Filter>
    </ClCompile>
    <ClCompile Include="tp_make_pe_coff\tp_make_coff.c">
      <Filter>ソース ファイル\tp_make_pe_coff</Filter>
    </ClCompile>
    <ClCompile Include="tp_make_pe_coff\tp_make_pe.c">
      <Filter>ソース ファイル\tp_make_pe_coff</Filter>
    </ClCompile>
    <ClCompile Include="tp_make_pe_coff\tp_make_pe_body.c">
      <Filter>ソース ファイル\tp_make_pe_coff</Filter>
    </ClCompile>
    <ClCompile Include="tp_make_pe_coff\tp_pe_coff_header.c">
      <Filter>ソース ファイル\tp_make_pe_coff</Filter>
    </ClCompile>
    <ClCompile Include="tp_make_pe_coff\tp_pe_data_directory.c">
      <Filter>ソース ファイル\tp_make_pe_coff</Filter>
    </ClCompile>
    <ClCompile Include="tp_compiler\tp_compiler.c">
      <Filter>ソース ファイル\tp_compiler</Filter>
    </ClCompile>
    <ClCompile Include="tp_utils\tp_file.c">
      <Filter>ソース ファイル\tp_utils</Filter>
    </ClCompile>
    <ClCompile Include="tp_utils\tp_leb128.c">
      <Filter>ソース ファイル\tp_utils</Filter>
    </ClCompile>
    <ClCompile Include="tp_utils\tp_utils.c">
      <Filter>ソース ファイル\tp_utils</Filter>
    </ClCompile>
    <ClCompile Include="tp_compiler\tp_init_symbol_table.c">
      <Filter>ソース ファイル\tp_compiler</Filter>
    </ClCompile>
    <ClCompile Include="tp_compiler\tp_make_path.c">
      <Filter>ソース ファイル\tp_compiler</Filter>
    </ClCompile>
    <ClCompile Include="tp_compiler\tp_test.c">
      <Filter>ソース ファイル\tp_compiler</Filter>
    </ClCompile>
    <ClCompile Include="tp_make_pe_coff\tp_make_coff_body.c">
      <Filter>ソース ファイル\tp_make_pe_coff</Filter>
    </ClCompile>
    <ClCompile Include="tp_make_x64_code\tp_make_x64_disasm.c">
      <Filter>ソース ファイル\tp_make_x64_code</Filter>
    </ClCompile>
  </ItemGroup>
  <ItemGroup>
    <ClInclude Include="tp_compiler.h">
      <Filter>ヘッダー ファイル</Filter>
    </ClInclude>
    <ClInclude Include="tp_compiler_common.h">
      <Filter>ヘッダー ファイル</Filter>
    </ClInclude>
    <ClInclude Include="tp_compiler_parse_tree.h">
      <Filter>ヘッダー ファイル</Filter>
    </ClInclude>
    <ClInclude Include="tp_compiler_pe.h">
      <Filter>ヘッダー ファイル</Filter>
    </ClInclude>
    <ClInclude Include="tp_compiler_semantic_analysis.h">
      <Filter>ヘッダー ファイル</Filter>
    </ClInclude>
    <ClInclude Include="tp_compiler_token.h">
      <Filter>ヘッダー ファイル</Filter>
    </ClInclude>
    <ClInclude Include="tp_compiler_wasm.h">
      <Filter>ヘッダー ファイル</Filter>
    </ClInclude>
    <ClInclude Include="tp_compiler_x64.h">
      <Filter>ヘッダー ファイル</Filter>
    </ClInclude>
  </ItemGroup>
  <ItemGroup>
    <None Include="PE_COFF.vcxproj.user">
      <Filter>ソース ファイル</Filter>
    </None>
  </ItemGroup>
</Project>